
Microsoft Visual Studio Solution File, Format Version 12.00
# Visual Studio Version 17
VisualStudioVersion = 17.9.34714.143
MinimumVisualStudioVersion = 10.0.40219.1
Project("{2150E333-8FDC-42A3-9474-1A3956D46DE8}") = "src", "src", "{C11D4C3A-D644-46E6-A10B-06946888EFE5}"
EndProject
Project("{2150E333-8FDC-42A3-9474-1A3956D46DE8}") = "core", "core", "{EE5B1241-6A50-46FF-8941-31928B0453B9}"
EndProject
Project("{9A19103F-16F7-4668-BE54-9A1E7A4F7556}") = "Domain", "Domain\Domain.csproj", "{B1D6009E-F972-435A-BFCE-59F205196262}"
EndProject
Project("{9A19103F-16F7-4668-BE54-9A1E7A4F7556}") = "Application", "Application\Application.csproj", "{AB19F186-D393-4B99-A19B-B8FB4895362F}"
EndProject
Project("{2150E333-8FDC-42A3-9474-1A3956D46DE8}") = "infrastructure", "infrastructure", "{39FF6E29-FE19-4E3A-B72D-82DFA105C187}"
EndProject
Project("{9A19103F-16F7-4668-BE54-9A1E7A4F7556}") = "Infrastructure", "Infrastructure\Infrastructure.csproj", "{2E7D1127-105C-4B01-81C6-A1267F75B23B}"
EndProject
Project("{9A19103F-16F7-4668-BE54-9A1E7A4F7556}") = "Persistance", "Persistance\Persistance.csproj", "{2A4D5055-A265-4074-9817-34E25A7246BD}"
EndProject
Project("{9A19103F-16F7-4668-BE54-9A1E7A4F7556}") = "EduFlex.API", "EduFlex.API\EduFlex.API.csproj", "{98571C87-3D7A-44F4-A5D5-8ED88BB6CB50}"
EndProject
Project("{2150E333-8FDC-42A3-9474-1A3956D46DE8}") = "api", "api", "{35E636A5-F67A-4429-9C5F-9D755A57BFA8}"
EndProject
Project("{2150E333-8FDC-42A3-9474-1A3956D46DE8}") = "ui", "ui", "{E6DD6ECF-5817-446C-AE9F-E463DB2D34B1}"
EndProject
Project("{9A19103F-16F7-4668-BE54-9A1E7A4F7556}") = "Identity", "Identity\Identity.csproj", "{0143B574-EB52-4466-A7C1-9ABDE00A5FDB}"
EndProject
Project("{54A90642-561A-4BB1-A94E-469ADEE60C69}") = "students", "Students\students.esproj", "{BF19CFBE-464F-488D-A8B4-8264461B8F30}"
EndProject
Project("{54A90642-561A-4BB1-A94E-469ADEE60C69}") = "adminportal", "adminportal\adminportal.esproj", "{D81AAD76-8A54-4DDC-A6D8-530A5AD74B3D}"
EndProject
Global
	GlobalSection(SolutionConfigurationPlatforms) = preSolution
		Debug|Any CPU = Debug|Any CPU
		Release|Any CPU = Release|Any CPU
	EndGlobalSection
	GlobalSection(ProjectConfigurationPlatforms) = postSolution
		{B1D6009E-F972-435A-BFCE-59F205196262}.Debug|Any CPU.ActiveCfg = Debug|Any CPU
		{B1D6009E-F972-435A-BFCE-59F205196262}.Debug|Any CPU.Build.0 = Debug|Any CPU
		{B1D6009E-F972-435A-BFCE-59F205196262}.Release|Any CPU.ActiveCfg = Release|Any CPU
		{B1D6009E-F972-435A-BFCE-59F205196262}.Release|Any CPU.Build.0 = Release|Any CPU
		{AB19F186-D393-4B99-A19B-B8FB4895362F}.Debug|Any CPU.ActiveCfg = Debug|Any CPU
		{AB19F186-D393-4B99-A19B-B8FB4895362F}.Debug|Any CPU.Build.0 = Debug|Any CPU
		{AB19F186-D393-4B99-A19B-B8FB4895362F}.Release|Any CPU.ActiveCfg = Release|Any CPU
		{AB19F186-D393-4B99-A19B-B8FB4895362F}.Release|Any CPU.Build.0 = Release|Any CPU
		{2E7D1127-105C-4B01-81C6-A1267F75B23B}.Debug|Any CPU.ActiveCfg = Debug|Any CPU
		{2E7D1127-105C-4B01-81C6-A1267F75B23B}.Debug|Any CPU.Build.0 = Debug|Any CPU
		{2E7D1127-105C-4B01-81C6-A1267F75B23B}.Release|Any CPU.ActiveCfg = Release|Any CPU
		{2E7D1127-105C-4B01-81C6-A1267F75B23B}.Release|Any CPU.Build.0 = Release|Any CPU
		{2A4D5055-A265-4074-9817-34E25A7246BD}.Debug|Any CPU.ActiveCfg = Debug|Any CPU
		{2A4D5055-A265-4074-9817-34E25A7246BD}.Debug|Any CPU.Build.0 = Debug|Any CPU
		{2A4D5055-A265-4074-9817-34E25A7246BD}.Release|Any CPU.ActiveCfg = Release|Any CPU
		{2A4D5055-A265-4074-9817-34E25A7246BD}.Release|Any CPU.Build.0 = Release|Any CPU
		{98571C87-3D7A-44F4-A5D5-8ED88BB6CB50}.Debug|Any CPU.ActiveCfg = Debug|Any CPU
		{98571C87-3D7A-44F4-A5D5-8ED88BB6CB50}.Debug|Any CPU.Build.0 = Debug|Any CPU
		{98571C87-3D7A-44F4-A5D5-8ED88BB6CB50}.Release|Any CPU.ActiveCfg = Release|Any CPU
		{98571C87-3D7A-44F4-A5D5-8ED88BB6CB50}.Release|Any CPU.Build.0 = Release|Any CPU
		{0143B574-EB52-4466-A7C1-9ABDE00A5FDB}.Debug|Any CPU.ActiveCfg = Debug|Any CPU
		{0143B574-EB52-4466-A7C1-9ABDE00A5FDB}.Debug|Any CPU.Build.0 = Debug|Any CPU
		{0143B574-EB52-4466-A7C1-9ABDE00A5FDB}.Release|Any CPU.ActiveCfg = Release|Any CPU
		{0143B574-EB52-4466-A7C1-9ABDE00A5FDB}.Release|Any CPU.Build.0 = Release|Any CPU
		{BF19CFBE-464F-488D-A8B4-8264461B8F30}.Debug|Any CPU.ActiveCfg = Debug|Any CPU
		{BF19CFBE-464F-488D-A8B4-8264461B8F30}.Debug|Any CPU.Build.0 = Debug|Any CPU
		{BF19CFBE-464F-488D-A8B4-8264461B8F30}.Debug|Any CPU.Deploy.0 = Debug|Any CPU
		{BF19CFBE-464F-488D-A8B4-8264461B8F30}.Release|Any CPU.ActiveCfg = Release|Any CPU
		{BF19CFBE-464F-488D-A8B4-8264461B8F30}.Release|Any CPU.Build.0 = Release|Any CPU
		{BF19CFBE-464F-488D-A8B4-8264461B8F30}.Release|Any CPU.Deploy.0 = Release|Any CPU
		{D81AAD76-8A54-4DDC-A6D8-530A5AD74B3D}.Debug|Any CPU.ActiveCfg = Debug|Any CPU
		{D81AAD76-8A54-4DDC-A6D8-530A5AD74B3D}.Debug|Any CPU.Build.0 = Debug|Any CPU
		{D81AAD76-8A54-4DDC-A6D8-530A5AD74B3D}.Debug|Any CPU.Deploy.0 = Debug|Any CPU
		{D81AAD76-8A54-4DDC-A6D8-530A5AD74B3D}.Release|Any CPU.ActiveCfg = Release|Any CPU
		{D81AAD76-8A54-4DDC-A6D8-530A5AD74B3D}.Release|Any CPU.Build.0 = Release|Any CPU
		{D81AAD76-8A54-4DDC-A6D8-530A5AD74B3D}.Release|Any CPU.Deploy.0 = Release|Any CPU
	EndGlobalSection
	GlobalSection(SolutionProperties) = preSolution
		HideSolutionNode = FALSE
	EndGlobalSection
	GlobalSection(NestedProjects) = preSolution
		{EE5B1241-6A50-46FF-8941-31928B0453B9} = {C11D4C3A-D644-46E6-A10B-06946888EFE5}
		{B1D6009E-F972-435A-BFCE-59F205196262} = {EE5B1241-6A50-46FF-8941-31928B0453B9}
		{AB19F186-D393-4B99-A19B-B8FB4895362F} = {EE5B1241-6A50-46FF-8941-31928B0453B9}
		{39FF6E29-FE19-4E3A-B72D-82DFA105C187} = {C11D4C3A-D644-46E6-A10B-06946888EFE5}
		{2E7D1127-105C-4B01-81C6-A1267F75B23B} = {39FF6E29-FE19-4E3A-B72D-82DFA105C187}
		{2A4D5055-A265-4074-9817-34E25A7246BD} = {39FF6E29-FE19-4E3A-B72D-82DFA105C187}
		{98571C87-3D7A-44F4-A5D5-8ED88BB6CB50} = {35E636A5-F67A-4429-9C5F-9D755A57BFA8}
		{35E636A5-F67A-4429-9C5F-9D755A57BFA8} = {C11D4C3A-D644-46E6-A10B-06946888EFE5}
		{E6DD6ECF-5817-446C-AE9F-E463DB2D34B1} = {C11D4C3A-D644-46E6-A10B-06946888EFE5}
		{0143B574-EB52-4466-A7C1-9ABDE00A5FDB} = {39FF6E29-FE19-4E3A-B72D-82DFA105C187}
		{BF19CFBE-464F-488D-A8B4-8264461B8F30} = {E6DD6ECF-5817-446C-AE9F-E463DB2D34B1}
		{D81AAD76-8A54-4DDC-A6D8-530A5AD74B3D} = {E6DD6ECF-5817-446C-AE9F-E463DB2D34B1}
	EndGlobalSection
	GlobalSection(ExtensibilityGlobals) = postSolution
		SolutionGuid = {E2ADBC75-060D-4593-BDCE-9AF3F1BC70DA}
	EndGlobalSection
EndGlobal
