
Microsoft Visual Studio Solution File, Format Version 12.00
# Visual Studio Version 17
VisualStudioVersion = 17.9.34714.143
MinimumVisualStudioVersion = 10.0.40219.1
Project("{2150E333-8FDC-42A3-9474-1A3956D46DE8}") = "src", "src", "{C11D4C3A-D644-46E6-A10B-06946888EFE5}"
EndProject
Project("{2150E333-8FDC-42A3-9474-1A3956D46DE8}") = "core", "core", "{EE5B1241-6A50-46FF-8941-31928B0453B9}"
EndProject
Project("{FAE04EC0-301F-11D3-BF4B-00C04F79EFBC}") = "Domain", "Domain\Domain.csproj", "{B1D6009E-F972-435A-BFCE-59F205196262}"
EndProject
Project("{FAE04EC0-301F-11D3-BF4B-00C04F79EFBC}") = "Application", "Application\Application.csproj", "{AB19F186-D393-4B99-A19B-B8FB4895362F}"
EndProject
Project("{2150E333-8FDC-42A3-9474-1A3956D46DE8}") = "infrastructure", "infrastructure", "{39FF6E29-FE19-4E3A-B72D-82DFA105C187}"
EndProject
Project("{FAE04EC0-301F-11D3-BF4B-00C04F79EFBC}") = "Infrastructure", "Infrastructure\Infrastructure.csproj", "{2E7D1127-105C-4B01-81C6-A1267F75B23B}"
EndProject
Project("{FAE04EC0-301F-11D3-BF4B-00C04F79EFBC}") = "Persistance", "Persistance\Persistance.csproj", "{2A4D5055-A265-4074-9817-34E25A7246BD}"
EndProject
Project("{FAE04EC0-301F-11D3-BF4B-00C04F79EFBC}") = "PortalAPI", "EduFlex.API\PortalAPI.csproj", "{98571C87-3D7A-44F4-A5D5-8ED88BB6CB50}"
EndProject
Project("{2150E333-8FDC-42A3-9474-1A3956D46DE8}") = "api", "api", "{35E636A5-F67A-4429-9C5F-9D755A57BFA8}"
EndProject
Project("{2150E333-8FDC-42A3-9474-1A3956D46DE8}") = "Identity", "Identity", "{0909C634-407E-48FD-A7C0-7E44F51851FA}"
EndProject
Project("{FAE04EC0-301F-11D3-BF4B-00C04F79EFBC}") = "EduFlex.IdentityServer", "EduFlex.IdentityServer\EduFlex.IdentityServer.csproj", "{F5DF9564-32F6-4727-AA00-8B21E3AC75CB}"
EndProject
Global
	GlobalSection(SolutionConfigurationPlatforms) = preSolution
		Debug|Any CPU = Debug|Any CPU
		Release|Any CPU = Release|Any CPU
	EndGlobalSection
	GlobalSection(ProjectConfigurationPlatforms) = postSolution
		{B1D6009E-F972-435A-BFCE-59F205196262}.Debug|Any CPU.ActiveCfg = Debug|Any CPU
		{B1D6009E-F972-435A-BFCE-59F205196262}.Debug|Any CPU.Build.0 = Debug|Any CPU
		{B1D6009E-F972-435A-BFCE-59F205196262}.Release|Any CPU.ActiveCfg = Release|Any CPU
		{B1D6009E-F972-435A-BFCE-59F205196262}.Release|Any CPU.Build.0 = Release|Any CPU
		{AB19F186-D393-4B99-A19B-B8FB4895362F}.Debug|Any CPU.ActiveCfg = Debug|Any CPU
		{AB19F186-D393-4B99-A19B-B8FB4895362F}.Debug|Any CPU.Build.0 = Debug|Any CPU
		{AB19F186-D393-4B99-A19B-B8FB4895362F}.Release|Any CPU.ActiveCfg = Release|Any CPU
		{AB19F186-D393-4B99-A19B-B8FB4895362F}.Release|Any CPU.Build.0 = Release|Any CPU
		{2E7D1127-105C-4B01-81C6-A1267F75B23B}.Debug|Any CPU.ActiveCfg = Debug|Any CPU
		{2E7D1127-105C-4B01-81C6-A1267F75B23B}.Debug|Any CPU.Build.0 = Debug|Any CPU
		{2E7D1127-105C-4B01-81C6-A1267F75B23B}.Release|Any CPU.ActiveCfg = Release|Any CPU
		{2E7D1127-105C-4B01-81C6-A1267F75B23B}.Release|Any CPU.Build.0 = Release|Any CPU
		{2A4D5055-A265-4074-9817-34E25A7246BD}.Debug|Any CPU.ActiveCfg = Debug|Any CPU
		{2A4D5055-A265-4074-9817-34E25A7246BD}.Debug|Any CPU.Build.0 = Debug|Any CPU
		{2A4D5055-A265-4074-9817-34E25A7246BD}.Release|Any CPU.ActiveCfg = Release|Any CPU
		{2A4D5055-A265-4074-9817-34E25A7246BD}.Release|Any CPU.Build.0 = Release|Any CPU
		{98571C87-3D7A-44F4-A5D5-8ED88BB6CB50}.Debug|Any CPU.ActiveCfg = Debug|Any CPU
		{98571C87-3D7A-44F4-A5D5-8ED88BB6CB50}.Debug|Any CPU.Build.0 = Debug|Any CPU
		{98571C87-3D7A-44F4-A5D5-8ED88BB6CB50}.Release|Any CPU.ActiveCfg = Release|Any CPU
		{98571C87-3D7A-44F4-A5D5-8ED88BB6CB50}.Release|Any CPU.Build.0 = Release|Any CPU
		{F5DF9564-32F6-4727-AA00-8B21E3AC75CB}.Debug|Any CPU.ActiveCfg = Debug|Any CPU
		{F5DF9564-32F6-4727-AA00-8B21E3AC75CB}.Debug|Any CPU.Build.0 = Debug|Any CPU
		{F5DF9564-32F6-4727-AA00-8B21E3AC75CB}.Release|Any CPU.ActiveCfg = Release|Any CPU
		{F5DF9564-32F6-4727-AA00-8B21E3AC75CB}.Release|Any CPU.Build.0 = Release|Any CPU
	EndGlobalSection
	GlobalSection(SolutionProperties) = preSolution
		HideSolutionNode = FALSE
	EndGlobalSection
	GlobalSection(NestedProjects) = preSolution
		{EE5B1241-6A50-46FF-8941-31928B0453B9} = {C11D4C3A-D644-46E6-A10B-06946888EFE5}
		{B1D6009E-F972-435A-BFCE-59F205196262} = {EE5B1241-6A50-46FF-8941-31928B0453B9}
		{AB19F186-D393-4B99-A19B-B8FB4895362F} = {EE5B1241-6A50-46FF-8941-31928B0453B9}
		{39FF6E29-FE19-4E3A-B72D-82DFA105C187} = {C11D4C3A-D644-46E6-A10B-06946888EFE5}
		{2E7D1127-105C-4B01-81C6-A1267F75B23B} = {39FF6E29-FE19-4E3A-B72D-82DFA105C187}
		{2A4D5055-A265-4074-9817-34E25A7246BD} = {39FF6E29-FE19-4E3A-B72D-82DFA105C187}
		{98571C87-3D7A-44F4-A5D5-8ED88BB6CB50} = {35E636A5-F67A-4429-9C5F-9D755A57BFA8}
		{35E636A5-F67A-4429-9C5F-9D755A57BFA8} = {C11D4C3A-D644-46E6-A10B-06946888EFE5}
		{0909C634-407E-48FD-A7C0-7E44F51851FA} = {C11D4C3A-D644-46E6-A10B-06946888EFE5}
		{F5DF9564-32F6-4727-AA00-8B21E3AC75CB} = {0909C634-407E-48FD-A7C0-7E44F51851FA}
	EndGlobalSection
	GlobalSection(ExtensibilityGlobals) = postSolution
		SolutionGuid = {E2ADBC75-060D-4593-BDCE-9AF3F1BC70DA}
	EndGlobalSection
EndGlobal
